lockfileVersion: '6.0'

dependencies:
  monkey-extra:
    specifier: 0.0.1-alpha.3
    version: 0.0.1-alpha.3(vite-plugin-monkey@3.2.0)
  prettier:
    specifier: 2.8.8
    version: 2.8.8
  typescript:
    specifier: ^5.0.4
    version: 5.0.4
  vite:
    specifier: ^4.3.5
    version: 4.3.5
  vite-plugin-monkey:
    specifier: ^3.2.0
    version: 3.2.0(vite@4.3.5)

packages:

  /@esbuild/android-arm64@0.17.18:
    resolution: {integrity: sha512-/iq0aK0eeHgSC3z55ucMAHO05OIqmQehiGay8eP5l/5l+iEr4EIbh4/MI8xD9qRFjqzgkc0JkX0LculNC9mXBw==}
    engines: {node: '>=12'}
    cpu: [arm64]
    os: [android]
    requiresBuild: true
    dev: false
    optional: true

  /@esbuild/android-arm@0.17.18:
    resolution: {integrity: sha512-EmwL+vUBZJ7mhFCs5lA4ZimpUH3WMAoqvOIYhVQwdIgSpHC8ImHdsRyhHAVxpDYUSm0lWvd63z0XH1IlImS2Qw==}
    engines: {node: '>=12'}
    cpu: [arm]
    os: [android]
    requiresBuild: true
    dev: false
    optional: true

  /@esbuild/android-x64@0.17.18:
    resolution: {integrity: sha512-x+0efYNBF3NPW2Xc5bFOSFW7tTXdAcpfEg2nXmxegm4mJuVeS+i109m/7HMiOQ6M12aVGGFlqJX3RhNdYM2lWg==}
    engines: {node: '>=12'}
    cpu: [x64]
    os: [android]
    requiresBuild: true
    dev: false
    optional: true

  /@esbuild/darwin-arm64@0.17.18:
    resolution: {integrity: sha512-6tY+djEAdF48M1ONWnQb1C+6LiXrKjmqjzPNPWXhu/GzOHTHX2nh8Mo2ZAmBFg0kIodHhciEgUBtcYCAIjGbjQ==}
    engines: {node: '>=12'}
    cpu: [arm64]
    os: [darwin]
    requiresBuild: true
    dev: false
    optional: true

  /@esbuild/darwin-x64@0.17.18:
    resolution: {integrity: sha512-Qq84ykvLvya3dO49wVC9FFCNUfSrQJLbxhoQk/TE1r6MjHo3sFF2tlJCwMjhkBVq3/ahUisj7+EpRSz0/+8+9A==}
    engines: {node: '>=12'}
    cpu: [x64]
    os: [darwin]
    requiresBuild: true
    dev: false
    optional: true

  /@esbuild/freebsd-arm64@0.17.18:
    resolution: {integrity: sha512-fw/ZfxfAzuHfaQeMDhbzxp9mc+mHn1Y94VDHFHjGvt2Uxl10mT4CDavHm+/L9KG441t1QdABqkVYwakMUeyLRA==}
    engines: {node: '>=12'}
    cpu: [arm64]
    os: [freebsd]
    requiresBuild: true
    dev: false
    optional: true

  /@esbuild/freebsd-x64@0.17.18:
    resolution: {integrity: sha512-FQFbRtTaEi8ZBi/A6kxOC0V0E9B/97vPdYjY9NdawyLd4Qk5VD5g2pbWN2VR1c0xhzcJm74HWpObPszWC+qTew==}
    engines: {node: '>=12'}
    cpu: [x64]
    os: [freebsd]
    requiresBuild: true
    dev: false
    optional: true

  /@esbuild/linux-arm64@0.17.18:
    resolution: {integrity: sha512-R7pZvQZFOY2sxUG8P6A21eq6q+eBv7JPQYIybHVf1XkQYC+lT7nDBdC7wWKTrbvMXKRaGudp/dzZCwL/863mZQ==}
    engines: {node: '>=12'}
    cpu: [arm64]
    os: [linux]
    requiresBuild: true
    dev: false
    optional: true

  /@esbuild/linux-arm@0.17.18:
    resolution: {integrity: sha512-jW+UCM40LzHcouIaqv3e/oRs0JM76JfhHjCavPxMUti7VAPh8CaGSlS7cmyrdpzSk7A+8f0hiedHqr/LMnfijg==}
    engines: {node: '>=12'}
    cpu: [arm]
    os: [linux]
    requiresBuild: true
    dev: false
    optional: true

  /@esbuild/linux-ia32@0.17.18:
    resolution: {integrity: sha512-ygIMc3I7wxgXIxk6j3V00VlABIjq260i967Cp9BNAk5pOOpIXmd1RFQJQX9Io7KRsthDrQYrtcx7QCof4o3ZoQ==}
    engines: {node: '>=12'}
    cpu: [ia32]
    os: [linux]
    requiresBuild: true
    dev: false
    optional: true

  /@esbuild/linux-loong64@0.17.18:
    resolution: {integrity: sha512-bvPG+MyFs5ZlwYclCG1D744oHk1Pv7j8psF5TfYx7otCVmcJsEXgFEhQkbhNW8otDHL1a2KDINW20cfCgnzgMQ==}
    engines: {node: '>=12'}
    cpu: [loong64]
    os: [linux]
    requiresBuild: true
    dev: false
    optional: true

  /@esbuild/linux-mips64el@0.17.18:
    resolution: {integrity: sha512-oVqckATOAGuiUOa6wr8TXaVPSa+6IwVJrGidmNZS1cZVx0HqkTMkqFGD2HIx9H1RvOwFeWYdaYbdY6B89KUMxA==}
    engines: {node: '>=12'}
    cpu: [mips64el]
    os: [linux]
    requiresBuild: true
    dev: false
    optional: true

  /@esbuild/linux-ppc64@0.17.18:
    resolution: {integrity: sha512-3dLlQO+b/LnQNxgH4l9rqa2/IwRJVN9u/bK63FhOPB4xqiRqlQAU0qDU3JJuf0BmaH0yytTBdoSBHrb2jqc5qQ==}
    engines: {node: '>=12'}
    cpu: [ppc64]
    os: [linux]
    requiresBuild: true
    dev: false
    optional: true

  /@esbuild/linux-riscv64@0.17.18:
    resolution: {integrity: sha512-/x7leOyDPjZV3TcsdfrSI107zItVnsX1q2nho7hbbQoKnmoeUWjs+08rKKt4AUXju7+3aRZSsKrJtaRmsdL1xA==}
    engines: {node: '>=12'}
    cpu: [riscv64]
    os: [linux]
    requiresBuild: true
    dev: false
    optional: true

  /@esbuild/linux-s390x@0.17.18:
    resolution: {integrity: sha512-cX0I8Q9xQkL/6F5zWdYmVf5JSQt+ZfZD2bJudZrWD+4mnUvoZ3TDDXtDX2mUaq6upMFv9FlfIh4Gfun0tbGzuw==}
    engines: {node: '>=12'}
    cpu: [s390x]
    os: [linux]
    requiresBuild: true
    dev: false
    optional: true

  /@esbuild/linux-x64@0.17.18:
    resolution: {integrity: sha512-66RmRsPlYy4jFl0vG80GcNRdirx4nVWAzJmXkevgphP1qf4dsLQCpSKGM3DUQCojwU1hnepI63gNZdrr02wHUA==}
    engines: {node: '>=12'}
    cpu: [x64]
    os: [linux]
    requiresBuild: true
    dev: false
    optional: true

  /@esbuild/netbsd-x64@0.17.18:
    resolution: {integrity: sha512-95IRY7mI2yrkLlTLb1gpDxdC5WLC5mZDi+kA9dmM5XAGxCME0F8i4bYH4jZreaJ6lIZ0B8hTrweqG1fUyW7jbg==}
    engines: {node: '>=12'}
    cpu: [x64]
    os: [netbsd]
    requiresBuild: true
    dev: false
    optional: true

  /@esbuild/openbsd-x64@0.17.18:
    resolution: {integrity: sha512-WevVOgcng+8hSZ4Q3BKL3n1xTv5H6Nb53cBrtzzEjDbbnOmucEVcZeGCsCOi9bAOcDYEeBZbD2SJNBxlfP3qiA==}
    engines: {node: '>=12'}
    cpu: [x64]
    os: [openbsd]
    requiresBuild: true
    dev: false
    optional: true

  /@esbuild/sunos-x64@0.17.18:
    resolution: {integrity: sha512-Rzf4QfQagnwhQXVBS3BYUlxmEbcV7MY+BH5vfDZekU5eYpcffHSyjU8T0xucKVuOcdCsMo+Ur5wmgQJH2GfNrg==}
    engines: {node: '>=12'}
    cpu: [x64]
    os: [sunos]
    requiresBuild: true
    dev: false
    optional: true

  /@esbuild/win32-arm64@0.17.18:
    resolution: {integrity: sha512-Kb3Ko/KKaWhjeAm2YoT/cNZaHaD1Yk/pa3FTsmqo9uFh1D1Rfco7BBLIPdDOozrObj2sahslFuAQGvWbgWldAg==}
    engines: {node: '>=12'}
    cpu: [arm64]
    os: [win32]
    requiresBuild: true
    dev: false
    optional: true

  /@esbuild/win32-ia32@0.17.18:
    resolution: {integrity: sha512-0/xUMIdkVHwkvxfbd5+lfG7mHOf2FRrxNbPiKWg9C4fFrB8H0guClmaM3BFiRUYrznVoyxTIyC/Ou2B7QQSwmw==}
    engines: {node: '>=12'}
    cpu: [ia32]
    os: [win32]
    requiresBuild: true
    dev: false
    optional: true

  /@esbuild/win32-x64@0.17.18:
    resolution: {integrity: sha512-qU25Ma1I3NqTSHJUOKi9sAH1/Mzuvlke0ioMJRthLXKm7JiSKVwFghlGbDLOO2sARECGhja4xYfRAZNPAkooYg==}
    engines: {node: '>=12'}
    cpu: [x64]
    os: [win32]
    requiresBuild: true
    dev: false
    optional: true

  /@jridgewell/sourcemap-codec@1.4.15:
    resolution: {integrity: sha512-eF2rxCRulEKXHTRiDrDy6erMYWqNw4LPdQ8UQA4huuxaQsVeRPFl2oM8oDGxMFhJUWZf9McpLtJasDDZb/Bpeg==}
    dev: false

  /acorn-walk@8.2.0:
    resolution: {integrity: sha512-k+iyHEuPgSw6SbuDpGQM+06HQUa04DZ3o+F6CSzXMvvI5KMvnaEqXe+YVe555R9nn6GPt404fos4wcgpw12SDA==}
    engines: {node: '>=0.4.0'}
    dev: false

  /address@1.2.2:
    resolution: {integrity: sha512-4B/qKCfeE/ODUaAUpSwfzazo5x29WD4r3vXiWsB7I2mSDAihwEqKO+g8GELZUQSSAo5e1XTYh3ZVfLyxBc12nA==}
    engines: {node: '>= 10.0.0'}
    dev: false

  /cross-spawn@7.0.3:
    resolution: {integrity: sha512-iRDPJKUPVEND7dHPO8rkbOnPpyDygcDFtWjpeWNCgy8WP2rXcxXL8TskReQl6OrB2G7+UJrags1q15Fudc7G6w==}
    engines: {node: '>= 8'}
    dependencies:
      path-key: 3.1.1
      shebang-command: 2.0.0
      which: 2.0.2
    dev: false

  /debug@4.3.4:
    resolution: {integrity: sha512-PRWFHuSU3eDtQJPvnNY7Jcket1j0t5OuOsFzPPzsekD52Zl8qUfFIPEiswXqIvHWGVHOgX+7G/vCNNhehwxfkQ==}
    engines: {node: '>=6.0'}
    peerDependencies:
      supports-color: '*'
    peerDependenciesMeta:
      supports-color:
        optional: true
    dependencies:
      ms: 2.1.2
    dev: false

  /define-lazy-prop@2.0.0:
    resolution: {integrity: sha512-Ds09qNh8yw3khSjiJjiUInaGX9xlqZDY7JVryGxdxV7NPeuqQfplOpQ66yJFZut3jLa5zOwkXw1g9EI2uKh4Og==}
    engines: {node: '>=8'}
    dev: false

  /detect-port@1.5.1:
    resolution: {integrity: sha512-aBzdj76lueB6uUst5iAs7+0H/oOjqI5D16XUWxlWMIMROhcM0rfsNVk93zTngq1dDNpoXRr++Sus7ETAExppAQ==}
    hasBin: true
    dependencies:
      address: 1.2.2
      debug: 4.3.4
    transitivePeerDependencies:
      - supports-color
    dev: false

  /dom-serializer@2.0.0:
    resolution: {integrity: sha512-wIkAryiqt/nV5EQKqQpo3SToSOV9J0DnbJqwK7Wv/Trc92zIAYZ4FlMu+JPFW1DfGFt81ZTCGgDEabffXeLyJg==}
    dependencies:
      domelementtype: 2.3.0
      domhandler: 5.0.3
      entities: 4.5.0
    dev: false

  /domelementtype@2.3.0:
    resolution: {integrity: sha512-OLETBj6w0OsagBwdXnPdN0cnMfF9opN69co+7ZrbfPGrdpPVNBUj02spi6B1N7wChLQiPn4CSH/zJvXw56gmHw==}
    dev: false

  /domhandler@5.0.3:
    resolution: {integrity: sha512-cgwlv/1iFQiFnU96XXgROh8xTeetsnJiDsTc7TYCLFd9+/WNkIqPTxiM/8pSd8VIrhXGTf1Ny1q1hquVqDJB5w==}
    engines: {node: '>= 4'}
    dependencies:
      domelementtype: 2.3.0
    dev: false

  /domutils@3.1.0:
    resolution: {integrity: sha512-H78uMmQtI2AhgDJjWeQmHwJJ2bLPD3GMmO7Zja/ZZh84wkm+4ut+IUnUdRa8uCGX88DiVx1j6FRe1XfxEgjEZA==}
    dependencies:
      dom-serializer: 2.0.0
      domelementtype: 2.3.0
      domhandler: 5.0.3
    dev: false

  /entities@4.5.0:
    resolution: {integrity: sha512-V0hjH4dGPh9Ao5p0MoRY6BVqtwCjhz6vI5LT8AJ55H+4g9/4vbHx1I54fS0XuclLhDHArPQCiMjDxjaL8fPxhw==}
    engines: {node: '>=0.12'}
    dev: false

  /esbuild@0.17.18:
    resolution: {integrity: sha512-z1lix43jBs6UKjcZVKOw2xx69ffE2aG0PygLL5qJ9OS/gy0Ewd1gW/PUQIOIQGXBHWNywSc0floSKoMFF8aK2w==}
    engines: {node: '>=12'}
    hasBin: true
    requiresBuild: true
    optionalDependencies:
      '@esbuild/android-arm': 0.17.18
      '@esbuild/android-arm64': 0.17.18
      '@esbuild/android-x64': 0.17.18
      '@esbuild/darwin-arm64': 0.17.18
      '@esbuild/darwin-x64': 0.17.18
      '@esbuild/freebsd-arm64': 0.17.18
      '@esbuild/freebsd-x64': 0.17.18
      '@esbuild/linux-arm': 0.17.18
      '@esbuild/linux-arm64': 0.17.18
      '@esbuild/linux-ia32': 0.17.18
      '@esbuild/linux-loong64': 0.17.18
      '@esbuild/linux-mips64el': 0.17.18
      '@esbuild/linux-ppc64': 0.17.18
      '@esbuild/linux-riscv64': 0.17.18
      '@esbuild/linux-s390x': 0.17.18
      '@esbuild/linux-x64': 0.17.18
      '@esbuild/netbsd-x64': 0.17.18
      '@esbuild/openbsd-x64': 0.17.18
      '@esbuild/sunos-x64': 0.17.18
      '@esbuild/win32-arm64': 0.17.18
      '@esbuild/win32-ia32': 0.17.18
      '@esbuild/win32-x64': 0.17.18
    dev: false

  /fsevents@2.3.2:
    resolution: {integrity: sha512-xiqMQR4xAeHTuB9uWm+fFRcIOgKBMiOBP+eXiyT7jsgVCq1bkVygt00oASowB7EdtpOHaaPgKt812P9ab+DDKA==}
    engines: {node: ^8.16.0 || ^10.6.0 || >=11.0.0}
    os: [darwin]
    requiresBuild: true
    dev: false
    optional: true

  /htmlparser2@8.0.2:
    resolution: {integrity: sha512-GYdjWKDkbRLkZ5geuHs5NY1puJ+PXwP7+fHPRz06Eirsb9ugf6d8kkXav6ADhcODhFFPMIXyxkxSuMf3D6NCFA==}
    dependencies:
      domelementtype: 2.3.0
      domhandler: 5.0.3
      domutils: 3.1.0
      entities: 4.5.0
    dev: false

  /is-docker@2.2.1:
    resolution: {integrity: sha512-F+i2BKsFrH66iaUFc0woD8sLy8getkwTwtOBjvs56Cx4CgJDeKQeqfz8wAYiSb8JOprWhHH5p77PbmYCvvUuXQ==}
    engines: {node: '>=8'}
    hasBin: true
    dev: false

  /is-wsl@2.2.0:
    resolution: {integrity: sha512-fKzAra0rGJUUBwGBgNkHZuToZcn+TtXHpeCgmkMJMMYx1sQDYaCSyjJBSCa2nH1DGm7s3n1oBnohoVTBaN7Lww==}
    engines: {node: '>=8'}
    dependencies:
      is-docker: 2.2.1
    dev: false

  /isexe@2.0.0:
    resolution: {integrity: sha512-RHxMLp9lnKHGHRng9QFhRCMbYAcVpn69smSGcq3f36xjgVVWThj4qqLbTLlq7Ssj8B+fIQ1EuCEGI2lKsyQeIw==}
    dev: false

  /magic-string@0.30.0:
    resolution: {integrity: sha512-LA+31JYDJLs82r2ScLrlz1GjSgu66ZV518eyWT+S8VhyQn/JL0u9MeBOvQMGYiPk1DBiSN9DDMOcXvigJZaViQ==}
    engines: {node: '>=12'}
    dependencies:
      '@jridgewell/sourcemap-codec': 1.4.15
    dev: false

  /monkey-extra@0.0.1-alpha.3(vite-plugin-monkey@3.2.0):
    resolution: {integrity: sha512-wcH4Wzf0Q+u1k9ZHNlf2RWhGkeEzSax7iR638+boKpCjxL8JHJFh1hokcqR0VzXlU2y39wlQEWPtKnIjdRPm8w==}
    peerDependencies:
      vite-plugin-monkey: '*'
    dependencies:
      vite-plugin-monkey: 3.2.0(vite@4.3.5)
    dev: false

  /mrmime@1.0.1:
    resolution: {integrity: sha512-hzzEagAgDyoU1Q6yg5uI+AorQgdvMCur3FcKf7NhMKWsaYg+RnbTyHRa/9IlLF9rf455MOCtcqqrQQ83pPP7Uw==}
    engines: {node: '>=10'}
    dev: false

  /ms@2.1.2:
    resolution: {integrity: sha512-sGkPx+VjMtmA6MX27oA4FBFELFCZZ4S4XqeGOXCv68tT+jb3vk/RyaKWP0PTKyWtmLSM0b+adUTEvbs1PEaH2w==}
    dev: false

  /nanoid@3.3.6:
    resolution: {integrity: sha512-BGcqMMJuToF7i1rt+2PWSNVnWIkGCU78jBG3RxO/bZlnZPK2Cmi2QaffxGO/2RvWi9sL+FAiRiXMgsyxQ1DIDA==}
    engines: {node: ^10 || ^12 || ^13.7 || ^14 || >=15.0.1}
    hasBin: true
    dev: false

  /open@8.4.2:
    resolution: {integrity: sha512-7x81NCL719oNbsq/3mh+hVrAWmFuEYUqrq/Iw3kUzH8ReypT9QQ0BLoJS7/G9k6N81XjW4qHWtjWwe/9eLy1EQ==}
    engines: {node: '>=12'}
    dependencies:
      define-lazy-prop: 2.0.0
      is-docker: 2.2.1
      is-wsl: 2.2.0
    dev: false

  /path-key@3.1.1:
    resolution: {integrity: sha512-ojmeN0qd+y0jszEtoY48r0Peq5dwMEkIlCOu6Q5f41lfkswXuKtYrhgoTpLnyIcHm24Uhqx+5Tqm2InSwLhE6Q==}
    engines: {node: '>=8'}
    dev: false

  /picocolors@1.0.0:
    resolution: {integrity: sha512-1fygroTLlHu66zi26VoTDv8yRgm0Fccecssto+MhsZ0D/DGW2sm8E8AjW7NU5VVTRt5GxbeZ5qBuJr+HyLYkjQ==}
    dev: false

  /postcss@8.4.23:
    resolution: {integrity: sha512-bQ3qMcpF6A/YjR55xtoTr0jGOlnPOKAIMdOWiv0EIT6HVPEaJiJB4NLljSbiHoC2RX7DN5Uvjtpbg1NPdwv1oA==}
    engines: {node: ^10 || ^12 || >=14}
    dependencies:
      nanoid: 3.3.6
      picocolors: 1.0.0
      source-map-js: 1.0.2
    dev: false

  /prettier@2.8.8:
    resolution: {integrity: sha512-tdN8qQGvNjw4CHbY+XXk0JgCXn9QiF21a55rBe5LJAU+kDyC4WQn4+awm2Xfk2lQMk5fKup9XgzTZtGkjBdP9Q==}
    engines: {node: '>=10.13.0'}
    hasBin: true
    dev: false

  /rollup@3.21.5:
    resolution: {integrity: sha512-a4NTKS4u9PusbUJcfF4IMxuqjFzjm6ifj76P54a7cKnvVzJaG12BLVR+hgU2YDGHzyMMQNxLAZWuALsn8q2oQg==}
    engines: {node: '>=14.18.0', npm: '>=8.0.0'}
    hasBin: true
    optionalDependencies:
      fsevents: 2.3.2
    dev: false

  /shebang-command@2.0.0:
    resolution: {integrity: sha512-kHxr2zZpYtdmrN1qDjrrX/Z1rR1kG8Dx+gkpK1G4eXmvXswmcE1hTWBWYUzlraYw1/yZp6YuDY77YtvbN0dmDA==}
    engines: {node: '>=8'}
    dependencies:
      shebang-regex: 3.0.0
    dev: false

  /shebang-regex@3.0.0:
    resolution: {integrity: sha512-7++dFhtcx3353uBaq8DDR4NuxBetBzC7ZQOhmTQInHEd6bSrXdiEyzCvG07Z44UYdLShWUyXt5M/yhz8ekcb1A==}
    engines: {node: '>=8'}
    dev: false

  /source-map-js@1.0.2:
    resolution: {integrity: sha512-R0XvVJ9WusLiqTCEiGCmICCMplcCkIwwR11mOSD9CR5u+IXYdiseeEuXCVAjS54zqwkLcPNnmU4OeJ6tUrWhDw==}
    engines: {node: '>=0.10.0'}
    dev: false

  /systemjs@6.14.1:
    resolution: {integrity: sha512-8ftwWd+XnQtZ/aGbatrN4QFNGrKJzmbtixW+ODpci7pyoTajg4sonPP8aFLESAcuVxaC1FyDESt+SpfFCH9rZQ==}
    dev: false

  /typescript@5.0.4:
    resolution: {integrity: sha512-cW9T5W9xY37cc+jfEnaUvX91foxtHkza3Nw3wkoF4sSlKn0MONdkdEndig/qPBWXNkmplh3NzayQzCiHM4/hqw==}
    engines: {node: '>=12.20'}
    hasBin: true
    dev: false

  /vite-plugin-monkey@3.2.0(vite@4.3.5):
    resolution: {integrity: sha512-zXnDyDRmyelmAMZG5anbUdkRmynXpnvAnRCapEWKTdHF99bgT+XXa5LOJCdg/6kyddPcRyt2KCKI8fom+A0mFw==}
    engines: {node: ^14.18 || >= 16, pnpm: '>=6'}
    peerDependencies:
      vite: '>=3.0.0'
    peerDependenciesMeta:
      vite:
        optional: true
    dependencies:
      acorn-walk: 8.2.0
      cross-spawn: 7.0.3
      detect-port: 1.5.1
      htmlparser2: 8.0.2
      magic-string: 0.30.0
      mrmime: 1.0.1
      open: 8.4.2
      picocolors: 1.0.0
      systemjs: 6.14.1
      vite: 4.3.5
    transitivePeerDependencies:
      - supports-color
    dev: false

  /vite@4.3.5:
    resolution: {integrity: sha512-0gEnL9wiRFxgz40o/i/eTBwm+NEbpUeTWhzKrZDSdKm6nplj+z4lKz8ANDgildxHm47Vg8EUia0aicKbawUVVA==}
    engines: {node: ^14.18.0 || >=16.0.0}
    hasBin: true
    peerDependencies:
      '@types/node': '>= 14'
      less: '*'
      sass: '*'
      stylus: '*'
      sugarss: '*'
      terser: ^5.4.0
    peerDependenciesMeta:
      '@types/node':
        optional: true
      less:
        optional: true
      sass:
        optional: true
      stylus:
        optional: true
      sugarss:
        optional: true
      terser:
        optional: true
    dependencies:
      esbuild: 0.17.18
      postcss: 8.4.23
      rollup: 3.21.5
    optionalDependencies:
      fsevents: 2.3.2
    dev: false

  /which@2.0.2:
    resolution: {integrity: sha512-BLI3Tl1TW3Pvl70l3yq3Y64i+awpwXqsGBYWkkqMtnbXgrMD+yj7rhW0kuEDxzJaYXGjEW5ogapKNMEKNMjibA==}
    engines: {node: '>= 8'}
    hasBin: true
    dependencies:
      isexe: 2.0.0
    dev: false
